// !$*UTF8*$!
{
	archiveVersion = 1;
	classes = {
	};
	objectVersion = 55;
	objects = {

/* Begin PBXBuildFile section */
		655AE0C0287EBBC000F699B1 /* AppDelegate.swift in Sources */ = {isa = PBXBuildFile; fileRef = 655AE0BF287EBBC000F699B1 /* AppDelegate.swift */; };
		655AE0C2287EBBC000F699B1 /* SceneDelegate.swift in Sources */ = {isa = PBXBuildFile; fileRef = 655AE0C1287EBBC000F699B1 /* SceneDelegate.swift */; };
		655AE0C4287EBBC000F699B1 /* ViewController.swift in Sources */ = {isa = PBXBuildFile; fileRef = 655AE0C3287EBBC000F699B1 /* ViewController.swift */; };
		655AE0C7287EBBC000F699B1 /* Main.storyboard in Resources */ = {isa = PBXBuildFile; fileRef = 655AE0C5287EBBC000F699B1 /* Main.storyboard */; };
		655AE0C9287EBBC200F699B1 /* Assets.xcassets in Resources */ = {isa = PBXBuildFile; fileRef = 655AE0C8287EBBC200F699B1 /* Assets.xcassets */; };
		655AE0CC287EBBC200F699B1 /* LaunchScreen.storyboard in Resources */ = {isa = PBXBuildFile; fileRef = 655AE0CA287EBBC200F699B1 /* LaunchScreen.storyboard */; };
		655AE0D7287EBBC200F699B1 /* VkBootcampTests.swift in Sources */ = {isa = PBXBuildFile; fileRef = 655AE0D6287EBBC200F699B1 /* VkBootcampTests.swift */; };
		655AE0E1287EBBC200F699B1 /* VkBootcampUITests.swift in Sources */ = {isa = PBXBuildFile; fileRef = 655AE0E0287EBBC200F699B1 /* VkBootcampUITests.swift */; };
		655AE0E3287EBBC200F699B1 /* VkBootcampUITestsLaunchTests.swift in Sources */ = {isa = PBXBuildFile; fileRef = 655AE0E2287EBBC200F699B1 /* VkBootcampUITestsLaunchTests.swift */; };
/* End PBXBuildFile section */

/* Begin PBXContainerItemProxy section */
		655AE0D3287EBBC200F699B1 /* PBXContainerItemProxy */ = {
			isa = PBXContainerItemProxy;
			containerPortal = 655AE0B4287EBBC000F699B1 /* Project object */;
			proxyType = 1;
			remoteGlobalIDString = 655AE0BB287EBBC000F699B1;
			remoteInfo = VkBootcamp;
		};
		655AE0DD287EBBC200F699B1 /* PBXContainerItemProxy */ = {
			isa = PBXContainerItemProxy;
			containerPortal = 655AE0B4287EBBC000F699B1 /* Project object */;
			proxyType = 1;
			remoteGlobalIDString = 655AE0BB287EBBC000F699B1;
			remoteInfo = VkBootcamp;
		};
/* End PBXContainerItemProxy section */

/* Begin PBXFileReference section */
		655AE0BC287EBBC000F699B1 /* VkBootcamp.app */ = {isa = PBXFileReference; explicitFileType = wrapper.application; includeInIndex = 0; path = VkBootcamp.app; sourceTree = BUILT_PRODUCTS_DIR; };
		655AE0BF287EBBC000F699B1 /* AppDelegate.swift */ = {isa = PBXFileReference; lastKnownFileType = sourcecode.swift; path = AppDelegate.swift; sourceTree = "<group>"; };
		655AE0C1287EBBC000F699B1 /* SceneDelegate.swift */ = {isa = PBXFileReference; lastKnownFileType = sourcecode.swift; path = SceneDelegate.swift; sourceTree = "<group>"; };
		655AE0C3287EBBC000F699B1 /* ViewController.swift */ = {isa = PBXFileReference; lastKnownFileType = sourcecode.swift; path = ViewController.swift; sourceTree = "<group>"; };
		655AE0C6287EBBC000F699B1 /* Base */ = {isa = PBXFileReference; lastKnownFileType = file.storyboard; name = Base; path = Base.lproj/Main.storyboard; sourceTree = "<group>"; };
		655AE0C8287EBBC200F699B1 /* Assets.xcassets */ = {isa = PBXFileReference; lastKnownFileType = folder.assetcatalog; path = Assets.xcassets; sourceTree = "<group>"; };
		655AE0CB287EBBC200F699B1 /* Base */ = {isa = PBXFileReference; lastKnownFileType = file.storyboard; name = Base; path = Base.lproj/LaunchScreen.storyboard; sourceTree = "<group>"; };
		655AE0CD287EBBC200F699B1 /* Info.plist */ = {isa = PBXFileReference; lastKnownFileType = text.plist.xml; path = Info.plist; sourceTree = "<group>"; };
		655AE0D2287EBBC200F699B1 /* VkBootcampTests.xctest */ = {isa = PBXFileReference; explicitFileType = wrapper.cfbundle; includeInIndex = 0; path = VkBootcampTests.xctest; sourceTree = BUILT_PRODUCTS_DIR; };
		655AE0D6287EBBC200F699B1 /* VkBootcampTests.swift */ = {isa = PBXFileReference; lastKnownFileType = sourcecode.swift; path = VkBootcampTests.swift; sourceTree = "<group>"; };
		655AE0DC287EBBC200F699B1 /* VkBootcampUITests.xctest */ = {isa = PBXFileReference; explicitFileType = wrapper.cfbundle; includeInIndex = 0; path = VkBootcampUITests.xctest; sourceTree = BUILT_PRODUCTS_DIR; };
		655AE0E0287EBBC200F699B1 /* VkBootcampUITests.swift */ = {isa = PBXFileReference; lastKnownFileType = sourcecode.swift; path = VkBootcampUITests.swift; sourceTree = "<group>"; };
		655AE0E2287EBBC200F699B1 /* VkBootcampUITestsLaunchTests.swift */ = {isa = PBXFileReference; lastKnownFileType = sourcecode.swift; path = VkBootcampUITestsLaunchTests.swift; sourceTree = "<group>"; };
/* End PBXFileReference section */

/* Begin PBXFrameworksBuildPhase section */
		655AE0B9287EBBC000F699B1 /* Frameworks */ = {
			isa = PBXFrameworksBuildPhase;
			buildActionMask = 2147483647;
			files = (
			);
			runOnlyForDeploymentPostprocessing = 0;
		};
		655AE0CF287EBBC200F699B1 /* Frameworks */ = {
			isa = PBXFrameworksBuildPhase;
			buildActionMask = 2147483647;
			files = (
			);
			runOnlyForDeploymentPostprocessing = 0;
		};
		655AE0D9287EBBC200F699B1 /* Frameworks */ = {
			isa = PBXFrameworksBuildPhase;
			buildActionMask = 2147483647;
			files = (
			);
			runOnlyForDeploymentPostprocessing = 0;
		};
/* End PBXFrameworksBuildPhase section */

/* Begin PBXGroup section */
		655AE0B3287EBBC000F699B1 = {
			isa = PBXGroup;
			children = (
				655AE0BE287EBBC000F699B1 /* VkBootcamp */,
				655AE0D5287EBBC200F699B1 /* VkBootcampTests */,
				655AE0DF287EBBC200F699B1 /* VkBootcampUITests */,
				655AE0BD287EBBC000F699B1 /* Products */,
			);
			sourceTree = "<group>";
		};
		655AE0BD287EBBC000F699B1 /* Products */ = {
			isa = PBXGroup;
			children = (
				655AE0BC287EBBC000F699B1 /* VkBootcamp.app */,
				655AE0D2287EBBC200F699B1 /* VkBootcampTests.xctest */,
				655AE0DC287EBBC200F699B1 /* VkBootcampUITests.xctest */,
			);
			name = Products;
			sourceTree = "<group>";
		};
		655AE0BE287EBBC000F699B1 /* VkBootcamp */ = {
			isa = PBXGroup;
			children = (
				655AE0BF287EBBC000F699B1 /* AppDelegate.swift */,
				655AE0C1287EBBC000F699B1 /* SceneDelegate.swift */,
				655AE0C3287EBBC000F699B1 /* ViewController.swift */,
				655AE0C5287EBBC000F699B1 /* Main.storyboard */,
				655AE0C8287EBBC200F699B1 /* Assets.xcassets */,
				655AE0CA287EBBC200F699B1 /* LaunchScreen.storyboard */,
				655AE0CD287EBBC200F699B1 /* Info.plist */,
			);
			path = VkBootcamp;
			sourceTree = "<group>";
		};
		655AE0D5287EBBC200F699B1 /* VkBootcampTests */ = {
			isa = PBXGroup;
			children = (
				655AE0D6287EBBC200F699B1 /* VkBootcampTests.swift */,
			);
			path = VkBootcampTests;
			sourceTree = "<group>";
		};
		655AE0DF287EBBC200F699B1 /* VkBootcampUITests */ = {
			isa = PBXGroup;
			children = (
				655AE0E0287EBBC200F699B1 /* VkBootcampUITests.swift */,
				655AE0E2287EBBC200F699B1 /* VkBootcampUITestsLaunchTests.swift */,
			);
			path = VkBootcampUITests;
			sourceTree = "<group>";
		};
/* End PBXGroup section */

/* Begin PBXNativeTarget section */
		655AE0BB287EBBC000F699B1 /* VkBootcamp */ = {
			isa = PBXNativeTarget;
			buildConfigurationList = 655AE0E6287EBBC200F699B1 /* Build configuration list for PBXNativeTarget "VkBootcamp" */;
			buildPhases = (
				655AE0B8287EBBC000F699B1 /* Sources */,
				655AE0B9287EBBC000F699B1 /* Frameworks */,
				655AE0BA287EBBC000F699B1 /* Resources */,
			);
			buildRules = (
			);
			dependencies = (
			);
			name = VkBootcamp;
			productName = VkBootcamp;
			productReference = 655AE0BC287EBBC000F699B1 /* VkBootcamp.app */;
			productType = "com.apple.product-type.application";
		};
		655AE0D1287EBBC200F699B1 /* VkBootcampTests */ = {
			isa = PBXNativeTarget;
			buildConfigurationList = 655AE0E9287EBBC200F699B1 /* Build configuration list for PBXNativeTarget "VkBootcampTests" */;
			buildPhases = (
				655AE0CE287EBBC200F699B1 /* Sources */,
				655AE0CF287EBBC200F699B1 /* Frameworks */,
				655AE0D0287EBBC200F699B1 /* Resources */,
			);
			buildRules = (
			);
			dependencies = (
				655AE0D4287EBBC200F699B1 /* PBXTargetDependency */,
			);
			name = VkBootcampTests;
			productName = VkBootcampTests;
			productReference = 655AE0D2287EBBC200F699B1 /* VkBootcampTests.xctest */;
			productType = "com.apple.product-type.bundle.unit-test";
		};
		655AE0DB287EBBC200F699B1 /* VkBootcampUITests */ = {
			isa = PBXNativeTarget;
			buildConfigurationList = 655AE0EC287EBBC200F699B1 /* Build configuration list for PBXNativeTarget "VkBootcampUITests" */;
			buildPhases = (
				655AE0D8287EBBC200F699B1 /* Sources */,
				655AE0D9287EBBC200F699B1 /* Frameworks */,
				655AE0DA287EBBC200F699B1 /* Resources */,
			);
			buildRules = (
			);
			dependencies = (
				655AE0DE287EBBC200F699B1 /* PBXTargetDependency */,
			);
			name = VkBootcampUITests;
			productName = VkBootcampUITests;
			productReference = 655AE0DC287EBBC200F699B1 /* VkBootcampUITests.xctest */;
			productType = "com.apple.product-type.bundle.ui-testing";
		};
/* End PBXNativeTarget section */

/* Begin PBXProject section */
		655AE0B4287EBBC000F699B1 /* Project object */ = {
			isa = PBXProject;
			attributes = {
				BuildIndependentTargetsInParallel = 1;
				LastSwiftUpdateCheck = 1340;
				LastUpgradeCheck = 1340;
				TargetAttributes = {
					655AE0BB287EBBC000F699B1 = {
						CreatedOnToolsVersion = 13.4.1;
					};
					655AE0D1287EBBC200F699B1 = {
						CreatedOnToolsVersion = 13.4.1;
						TestTargetID = 655AE0BB287EBBC000F699B1;
					};
					655AE0DB287EBBC200F699B1 = {
						CreatedOnToolsVersion = 13.4.1;
						TestTargetID = 655AE0BB287EBBC000F699B1;
					};
				};
			};
			buildConfigurationList = 655AE0B7287EBBC000F699B1 /* Build configuration list for PBXProject "VkBootcamp" */;
			compatibilityVersion = "Xcode 13.0";
			developmentRegion = en;
			hasScannedForEncodings = 0;
			knownRegions = (
				en,
				Base,
			);
			mainGroup = 655AE0B3287EBBC000F699B1;
			productRefGroup = 655AE0BD287EBBC000F699B1 /* Products */;
			projectDirPath = "";
			projectRoot = "";
			targets = (
				655AE0BB287EBBC000F699B1 /* VkBootcamp */,
				655AE0D1287EBBC200F699B1 /* VkBootcampTests */,
				655AE0DB287EBBC200F699B1 /* VkBootcampUITests */,
			);
		};
/* End PBXProject section */

/* Begin PBXResourcesBuildPhase section */
		655AE0BA287EBBC000F699B1 /* Resources */ = {
			isa = PBXResourcesBuildPhase;
			buildActionMask = 2147483647;
			files = (
				655AE0CC287EBBC200F699B1 /* LaunchScreen.storyboard in Resources */,
				655AE0C9287EBBC200F699B1 /* Assets.xcassets in Resources */,
				655AE0C7287EBBC000F699B1 /* Main.storyboard in Resources */,
			);
			runOnlyForDeploymentPostprocessing = 0;
		};
		655AE0D0287EBBC200F699B1 /* Resources */ = {
			isa = PBXResourcesBuildPhase;
			buildActionMask = 2147483647;
			files = (
			);
			runOnlyForDeploymentPostprocessing = 0;
		};
		655AE0DA287EBBC200F699B1 /* Resources */ = {
			isa = PBXResourcesBuildPhase;
			buildActionMask = 2147483647;
			files = (
			);
			runOnlyForDeploymentPostprocessing = 0;
		};
/* End PBXResourcesBuildPhase section */

/* Begin PBXSourcesBuildPhase section */
		655AE0B8287EBBC000F699B1 /* Sources */ = {
			isa = PBXSourcesBuildPhase;
			buildActionMask = 2147483647;
			files = (
				655AE0C4287EBBC000F699B1 /* ViewController.swift in Sources */,
				655AE0C0287EBBC000F699B1 /* AppDelegate.swift in Sources */,
				655AE0C2287EBBC000F699B1 /* SceneDelegate.swift in Sources */,
			);
			runOnlyForDeploymentPostprocessing = 0;
		};
		655AE0CE287EBBC200F699B1 /* Sources */ = {
			isa = PBXSourcesBuildPhase;
			buildActionMask = 2147483647;
			files = (
				655AE0D7287EBBC200F699B1 /* VkBootcampTests.swift in Sources */,
			);
			runOnlyForDeploymentPostprocessing = 0;
		};
		655AE0D8287EBBC200F699B1 /* Sources */ = {
			isa = PBXSourcesBuildPhase;
			buildActionMask = 2147483647;
			files = (
				655AE0E3287EBBC200F699B1 /* VkBootcampUITestsLaunchTests.swift in Sources */,
				655AE0E1287EBBC200F699B1 /* VkBootcampUITests.swift in Sources */,
			);
			runOnlyForDeploymentPostprocessing = 0;
		};
/* End PBXSourcesBuildPhase section */

/* Begin PBXTargetDependency section */
		655AE0D4287EBBC200F699B1 /* PBXTargetDependency */ = {
			isa = PBXTargetDependency;
			target = 655AE0BB287EBBC000F699B1 /* VkBootcamp */;
			targetProxy = 655AE0D3287EBBC200F699B1 /* PBXContainerItemProxy */;
		};
		655AE0DE287EBBC200F699B1 /* PBXTargetDependency */ = {
			isa = PBXTargetDependency;
			target = 655AE0BB287EBBC000F699B1 /* VkBootcamp */;
			targetProxy = 655AE0DD287EBBC200F699B1 /* PBXContainerItemProxy */;
		};
/* End PBXTargetDependency section */

/* Begin PBXVariantGroup section */
		655AE0C5287EBBC000F699B1 /* Main.storyboard */ = {
			isa = PBXVariantGroup;
			children = (
				655AE0C6287EBBC000F699B1 /* Base */,
			);
			name = Main.storyboard;
			sourceTree = "<group>";
		};
		655AE0CA287EBBC200F699B1 /* LaunchScreen.storyboard */ = {
			isa = PBXVariantGroup;
			children = (
				655AE0CB287EBBC200F699B1 /* Base */,
			);
			name = LaunchScreen.storyboard;
			sourceTree = "<group>";
		};
/* End PBXVariantGroup section */

/* Begin XCBuildConfiguration section */
		655AE0E4287EBBC200F699B1 /* Debug */ = {
			isa = XCBuildConfiguration;
			buildSettings = {
				ALWAYS_SEARCH_USER_PATHS = NO;
				CLANG_ANALYZER_NONNULL = YES;
				CLANG_ANALYZER_NUMBER_OBJECT_CONVERSION = YES_AGGRESSIVE;
				CLANG_CXX_LANGUAGE_STANDARD = "gnu++17";
				CLANG_ENABLE_MODULES = YES;
				CLANG_ENABLE_OBJC_ARC = YES;
				CLANG_ENABLE_OBJC_WEAK = YES;
				CLANG_WARN_BLOCK_CAPTURE_AUTORELEASING = YES;
				CLANG_WARN_BOOL_CONVERSION = YES;
				CLANG_WARN_COMMA = YES;
				CLANG_WARN_CONSTANT_CONVERSION = YES;
				CLANG_WARN_DEPRECATED_OBJC_IMPLEMENTATIONS = YES;
				CLANG_WARN_DIRECT_OBJC_ISA_USAGE = YES_ERROR;
				CLANG_WARN_DOCUMENTATION_COMMENTS = YES;
				CLANG_WARN_EMPTY_BODY = YES;
				CLANG_WARN_ENUM_CONVERSION = YES;
				CLANG_WARN_INFINITE_RECURSION = YES;
				CLANG_WARN_INT_CONVERSION = YES;
				CLANG_WARN_NON_LITERAL_NULL_CONVERSION = YES;
				CLANG_WARN_OBJC_IMPLICIT_RETAIN_SELF = YES;
				CLANG_WARN_OBJC_LITERAL_CONVERSION = YES;
				CLANG_WARN_OBJC_ROOT_CLASS = YES_ERROR;
				CLANG_WARN_QUOTED_INCLUDE_IN_FRAMEWORK_HEADER = YES;
				CLANG_WARN_RANGE_LOOP_ANALYSIS = YES;
				CLANG_WARN_STRICT_PROTOTYPES = YES;
				CLANG_WARN_SUSPICIOUS_MOVE = YES;
				CLANG_WARN_UNGUARDED_AVAILABILITY = YES_AGGRESSIVE;
				CLANG_WARN_UNREACHABLE_CODE = YES;
				CLANG_WARN__DUPLICATE_METHOD_MATCH = YES;
				COPY_PHASE_STRIP = NO;
				DEBUG_INFORMATION_FORMAT = dwarf;
				ENABLE_STRICT_OBJC_MSGSEND = YES;
				ENABLE_TESTABILITY = YES;
				GCC_C_LANGUAGE_STANDARD = gnu11;
				GCC_DYNAMIC_NO_PIC = NO;
				GCC_NO_COMMON_BLOCKS = YES;
				GCC_OPTIMIZATION_LEVEL = 0;
				GCC_PREPROCESSOR_DEFINITIONS = (
					"DEBUG=1",
					"$(inherited)",
				);
				GCC_WARN_64_TO_32_BIT_CONVERSION = YES;
				GCC_WARN_ABOUT_RETURN_TYPE = YES_ERROR;
				GCC_WARN_UNDECLARED_SELECTOR = YES;
				GCC_WARN_UNINITIALIZED_AUTOS = YES_AGGRESSIVE;
				GCC_WARN_UNUSED_FUNCTION = YES;
				GCC_WARN_UNUSED_VARIABLE = YES;
				IPHONEOS_DEPLOYMENT_TARGET = 15.5;
				MTL_ENABLE_DEBUG_INFO = INCLUDE_SOURCE;
				MTL_FAST_MATH = YES;
				ONLY_ACTIVE_ARCH = YES;
				SDKROOT = iphoneos;
				SWIFT_ACTIVE_COMPILATION_CONDITIONS = DEBUG;
				SWIFT_OPTIMIZATION_LEVEL = "-Onone";
			};
			name = Debug;
		};
		655AE0E5287EBBC200F699B1 /* Release */ = {
			isa = XCBuildConfiguration;
			buildSettings = {
				ALWAYS_SEARCH_USER_PATHS = NO;
				CLANG_ANALYZER_NONNULL = YES;
				CLANG_ANALYZER_NUMBER_OBJECT_CONVERSION = YES_AGGRESSIVE;
				CLANG_CXX_LANGUAGE_STANDARD = "gnu++17";
				CLANG_ENABLE_MODULES = YES;
				CLANG_ENABLE_OBJC_ARC = YES;
				CLANG_ENABLE_OBJC_WEAK = YES;
				CLANG_WARN_BLOCK_CAPTURE_AUTORELEASING = YES;
				CLANG_WARN_BOOL_CONVERSION = YES;
				CLANG_WARN_COMMA = YES;
				CLANG_WARN_CONSTANT_CONVERSION = YES;
				CLANG_WARN_DEPRECATED_OBJC_IMPLEMENTATIONS = YES;
				CLANG_WARN_DIRECT_OBJC_ISA_USAGE = YES_ERROR;
				CLANG_WARN_DOCUMENTATION_COMMENTS = YES;
				CLANG_WARN_EMPTY_BODY = YES;
				CLANG_WARN_ENUM_CONVERSION = YES;
				CLANG_WARN_INFINITE_RECURSION = YES;
				CLANG_WARN_INT_CONVERSION = YES;
				CLANG_WARN_NON_LITERAL_NULL_CONVERSION = YES;
				CLANG_WARN_OBJC_IMPLICIT_RETAIN_SELF = YES;
				CLANG_WARN_OBJC_LITERAL_CONVERSION = YES;
				CLANG_WARN_OBJC_ROOT_CLASS = YES_ERROR;
				CLANG_WARN_QUOTED_INCLUDE_IN_FRAMEWORK_HEADER = YES;
				CLANG_WARN_RANGE_LOOP_ANALYSIS = YES;
				CLANG_WARN_STRICT_PROTOTYPES = YES;
				CLANG_WARN_SUSPICIOUS_MOVE = YES;
				CLANG_WARN_UNGUARDED_AVAILABILITY = YES_AGGRESSIVE;
				CLANG_WARN_UNREACHABLE_CODE = YES;
				CLANG_WARN__DUPLICATE_METHOD_MATCH = YES;
				COPY_PHASE_STRIP = NO;
				DEBUG_INFORMATION_FORMAT = "dwarf-with-dsym";
				ENABLE_NS_ASSERTIONS = NO;
				ENABLE_STRICT_OBJC_MSGSEND = YES;
				GCC_C_LANGUAGE_STANDARD = gnu11;
				GCC_NO_COMMON_BLOCKS = YES;
				GCC_WARN_64_TO_32_BIT_CONVERSION = YES;
				GCC_WARN_ABOUT_RETURN_TYPE = YES_ERROR;
				GCC_WARN_UNDECLARED_SELECTOR = YES;
				GCC_WARN_UNINITIALIZED_AUTOS = YES_AGGRESSIVE;
				GCC_WARN_UNUSED_FUNCTION = YES;
				GCC_WARN_UNUSED_VARIABLE = YES;
				IPHONEOS_DEPLOYMENT_TARGET = 15.5;
				MTL_ENABLE_DEBUG_INFO = NO;
				MTL_FAST_MATH = YES;
				SDKROOT = iphoneos;
				SWIFT_COMPILATION_MODE = wholemodule;
				SWIFT_OPTIMIZATION_LEVEL = "-O";
				VALIDATE_PRODUCT = YES;
			};
			name = Release;
		};
		655AE0E7287EBBC200F699B1 /* Debug */ = {
			isa = XCBuildConfiguration;
			buildSettings = {
				ASSETCATALOG_COMPILER_APPICON_NAME = AppIcon;
				ASSETCATALOG_COMPILER_GLOBAL_ACCENT_COLOR_NAME = AccentColor;
				CODE_SIGN_STYLE = Automatic;
				CURRENT_PROJECT_VERSION = 1;
				DEVELOPMENT_TEAM = 33389KCH5W;
				GENERATE_INFOPLIST_FILE = YES;
				INFOPLIST_FILE = VkBootcamp/Info.plist;
				INFOPLIST_KEY_UIApplicationSupportsIndirectInputEvents = YES;
				INFOPLIST_KEY_UILaunchStoryboardName = LaunchScreen;
				INFOPLIST_KEY_UIMainStoryboardFile = Main;
				INFOPLIST_KEY_UISupportedInterfaceOrientations_iPad = "UIInterfaceOrientationPortrait UIInterfaceOrientationPortraitUpsideDown UIInterfaceOrientationLandscapeLeft UIInterfaceOrientationLandscapeRight";
				INFOPLIST_KEY_UISupportedInterfaceOrientations_iPhone = "UIInterfaceOrientationPortrait UIInterfaceOrientationLandscapeLeft UIInterfaceOrientationLandscapeRight";
				LD_RUNPATH_SEARCH_PATHS = (
					"$(inherited)",
					"@executable_path/Frameworks",
				);
				MARKETING_VERSION = 1.0;
				PRODUCT_BUNDLE_IDENTIFIER = neskdan812Test.VkBootcamp;
				PRODUCT_NAME = "$(TARGET_NAME)";
				SWIFT_EMIT_LOC_STRINGS = YES;
				SWIFT_VERSION = 5.0;
				TARGETED_DEVICE_FAMILY = "1,2";
			};
			name = Debug;
		};
		655AE0E8287EBBC200F699B1 /* Release */ = {
			isa = XCBuildConfiguration;
			buildSettings = {
				ASSETCATALOG_COMPILER_APPICON_NAME = AppIcon;
				ASSETCATALOG_COMPILER_GLOBAL_ACCENT_COLOR_NAME = AccentColor;
				CODE_SIGN_STYLE = Automatic;
				CURRENT_PROJECT_VERSION = 1;
				DEVELOPMENT_TEAM = 33389KCH5W;
				GENERATE_INFOPLIST_FILE = YES;
				INFOPLIST_FILE = VkBootcamp/Info.plist;
				INFOPLIST_KEY_UIApplicationSupportsIndirectInputEvents = YES;
				INFOPLIST_KEY_UILaunchStoryboardName = LaunchScreen;
				INFOPLIST_KEY_UIMainStoryboardFile = Main;
				INFOPLIST_KEY_UISupportedInterfaceOrientations_iPad = "UIInterfaceOrientationPortrait UIInterfaceOrientationPortraitUpsideDown UIInterfaceOrientationLandscapeLeft UIInterfaceOrientationLandscapeRight";
				INFOPLIST_KEY_UISupportedInterfaceOrientations_iPhone = "UIInterfaceOrientationPortrait UIInterfaceOrientationLandscapeLeft UIInterfaceOrientationLandscapeRight";
				LD_RUNPATH_SEARCH_PATHS = (
					"$(inherited)",
					"@executable_path/Frameworks",
				);
				MARKETING_VERSION = 1.0;
				PRODUCT_BUNDLE_IDENTIFIER = neskdan812Test.VkBootcamp;
				PRODUCT_NAME = "$(TARGET_NAME)";
				SWIFT_EMIT_LOC_STRINGS = YES;
				SWIFT_VERSION = 5.0;
				TARGETED_DEVICE_FAMILY = "1,2";
			};
			name = Release;
		};
		655AE0EA287EBBC200F699B1 /* Debug */ = {
			isa = XCBuildConfiguration;
			buildSettings = {
				ALWAYS_EMBED_SWIFT_STANDARD_LIBRARIES = YES;
				BUNDLE_LOADER = "$(TEST_HOST)";
				CODE_SIGN_STYLE = Automatic;
				CURRENT_PROJECT_VERSION = 1;
				DEVELOPMENT_TEAM = 33389KCH5W;
				GENERATE_INFOPLIST_FILE = YES;
				IPHONEOS_DEPLOYMENT_TARGET = 15.5;
				MARKETING_VERSION = 1.0;
				PRODUCT_BUNDLE_IDENTIFIER = neskdan812Test.VkBootcampTests;
				PRODUCT_NAME = "$(TARGET_NAME)";
				SWIFT_EMIT_LOC_STRINGS = NO;
				SWIFT_VERSION = 5.0;
				TARGETED_DEVICE_FAMILY = "1,2";
				TEST_HOST = "$(BUILT_PRODUCTS_DIR)/VkBootcamp.app/VkBootcamp";
			};
			name = Debug;
		};
		655AE0EB287EBBC200F699B1 /* Release */ = {
			isa = XCBuildConfiguration;
			buildSettings = {
				ALWAYS_EMBED_SWIFT_STANDARD_LIBRARIES = YES;
				BUNDLE_LOADER = "$(TEST_HOST)";
				CODE_SIGN_STYLE = Automatic;
				CURRENT_PROJECT_VERSION = 1;
				DEVELOPMENT_TEAM = 33389KCH5W;
				GENERATE_INFOPLIST_FILE = YES;
				IPHONEOS_DEPLOYMENT_TARGET = 15.5;
				MARKETING_VERSION = 1.0;
				PRODUCT_BUNDLE_IDENTIFIER = neskdan812Test.VkBootcampTests;
				PRODUCT_NAME = "$(TARGET_NAME)";
				SWIFT_EMIT_LOC_STRINGS = NO;
				SWIFT_VERSION = 5.0;
				TARGETED_DEVICE_FAMILY = "1,2";
				TEST_HOST = "$(BUILT_PRODUCTS_DIR)/VkBootcamp.app/VkBootcamp";
			};
			name = Release;
		};
		655AE0ED287EBBC200F699B1 /* Debug */ = {
			isa = XCBuildConfiguration;
			buildSettings = {
				ALWAYS_EMBED_SWIFT_STANDARD_LIBRARIES = YES;
				CODE_SIGN_STYLE = Automatic;
				CURRENT_PROJECT_VERSION = 1;
				DEVELOPMENT_TEAM = 33389KCH5W;
				GENERATE_INFOPLIST_FILE = YES;
				MARKETING_VERSION = 1.0;
				PRODUCT_BUNDLE_IDENTIFIER = neskdan812Test.VkBootcampUITests;
				PRODUCT_NAME = "$(TARGET_NAME)";
				SWIFT_EMIT_LOC_STRINGS = NO;
				SWIFT_VERSION = 5.0;
				TARGETED_DEVICE_FAMILY = "1,2";
				TEST_TARGET_NAME = VkBootcamp;
			};
			name = Debug;
		};
		655AE0EE287EBBC200F699B1 /* Release */ = {
			isa = XCBuildConfiguration;
			buildSettings = {
				ALWAYS_EMBED_SWIFT_STANDARD_LIBRARIES = YES;
				CODE_SIGN_STYLE = Automatic;
				CURRENT_PROJECT_VERSION = 1;
				DEVELOPMENT_TEAM = 33389KCH5W;
				GENERATE_INFOPLIST_FILE = YES;
				MARKETING_VERSION = 1.0;
				PRODUCT_BUNDLE_IDENTIFIER = neskdan812Test.VkBootcampUITests;
				PRODUCT_NAME = "$(TARGET_NAME)";
				SWIFT_EMIT_LOC_STRINGS = NO;
				SWIFT_VERSION = 5.0;
				TARGETED_DEVICE_FAMILY = "1,2";
				TEST_TARGET_NAME = VkBootcamp;
			};
			name = Release;
		};
/* End XCBuildConfiguration section */

/* Begin XCConfigurationList section */
		655AE0B7287EBBC000F699B1 /* Build configuration list for PBXProject "VkBootcamp" */ = {
			isa = XCConfigurationList;
			buildConfigurations = (
				655AE0E4287EBBC200F699B1 /* Debug */,
				655AE0E5287EBBC200F699B1 /* Release */,
			);
			defaultConfigurationIsVisible = 0;
			defaultConfigurationName = Release;
		};
		655AE0E6287EBBC200F699B1 /* Build configuration list for PBXNativeTarget "VkBootcamp" */ = {
			isa = XCConfigurationList;
			buildConfigurations = (
				655AE0E7287EBBC200F699B1 /* Debug */,
				655AE0E8287EBBC200F699B1 /* Release */,
			);
			defaultConfigurationIsVisible = 0;
			defaultConfigurationName = Release;
		};
		655AE0E9287EBBC200F699B1 /* Build configuration list for PBXNativeTarget "VkBootcampTests" */ = {
			isa = XCConfigurationList;
			buildConfigurations = (
				655AE0EA287EBBC200F699B1 /* Debug */,
				655AE0EB287EBBC200F699B1 /* Release */,
			);
			defaultConfigurationIsVisible = 0;
			defaultConfigurationName = Release;
		};
		655AE0EC287EBBC200F699B1 /* Build configuration list for PBXNativeTarget "VkBootcampUITests" */ = {
			isa = XCConfigurationList;
			buildConfigurations = (
				655AE0ED287EBBC200F699B1 /* Debug */,
				655AE0EE287EBBC200F699B1 /* Release */,
			);
			defaultConfigurationIsVisible = 0;
			defaultConfigurationName = Release;
		};
/* End XCConfigurationList section */
	};
	rootObject = 655AE0B4287EBBC000F699B1 /* Project object */;
}
