// !$*UTF8*$!
{
	archiveVersion = 1;
	classes = {
	};
	objectVersion = 55;
	objects = {

/* Begin PBXBuildFile section */
		655AE0C0287EBBC000F699B1 /* AppDelegate.swift in Sources */ = {isa = PBXBuildFile; fileRef = 655AE0BF287EBBC000F699B1 /* AppDelegate.swift */; };
		655AE0C2287EBBC000F699B1 /* SceneDelegate.swift in Sources */ = {isa = PBXBuildFile; fileRef = 655AE0C1287EBBC000F699B1 /* SceneDelegate.swift */; };
		655AE0C4287EBBC000F699B1 /* ViewController.swift in Sources */ = {isa = PBXBuildFile; fileRef = 655AE0C3287EBBC000F699B1 /* ViewController.swift */; };
		655AE0C9287EBBC200F699B1 /* Assets.xcassets in Resources */ = {isa = PBXBuildFile; fileRef = 655AE0C8287EBBC200F699B1 /* Assets.xcassets */; };
		655AE0CC287EBBC200F699B1 /* LaunchScreen.storyboard in Resources */ = {isa = PBXBuildFile; fileRef = 655AE0CA287EBBC200F699B1 /* LaunchScreen.storyboard */; };
		655AE0F2287ED50E00F699B1 /* Service.swift in Sources */ = {isa = PBXBuildFile; fileRef = 655AE0F1287ED50E00F699B1 /* Service.swift */; };
		6574092E287EE94C007A889F /* NetworkService.swift in Sources */ = {isa = PBXBuildFile; fileRef = 6574092D287EE94C007A889F /* NetworkService.swift */; };
		65740930287EEABE007A889F /* TableViewCell.swift in Sources */ = {isa = PBXBuildFile; fileRef = 6574092F287EEABE007A889F /* TableViewCell.swift */; };
		65740932287F242B007A889F /* VKLabel.swift in Sources */ = {isa = PBXBuildFile; fileRef = 65740931287F242B007A889F /* VKLabel.swift */; };
		65740934287F24DC007A889F /* VKImageView.swift in Sources */ = {isa = PBXBuildFile; fileRef = 65740933287F24DC007A889F /* VKImageView.swift */; };
		65E3667928804E38002EB8D0 /* Extensions.swift in Sources */ = {isa = PBXBuildFile; fileRef = 65E3667828804E38002EB8D0 /* Extensions.swift */; };
		65E3667C288052D0002EB8D0 /* Constants.swift in Sources */ = {isa = PBXBuildFile; fileRef = 65E3667B288052D0002EB8D0 /* Constants.swift */; };
/* End PBXBuildFile section */

/* Begin PBXFileReference section */
		655AE0BC287EBBC000F699B1 /* VkBootcamp.app */ = {isa = PBXFileReference; explicitFileType = wrapper.application; includeInIndex = 0; path = VkBootcamp.app; sourceTree = BUILT_PRODUCTS_DIR; };
		655AE0BF287EBBC000F699B1 /* AppDelegate.swift */ = {isa = PBXFileReference; lastKnownFileType = sourcecode.swift; path = AppDelegate.swift; sourceTree = "<group>"; };
		655AE0C1287EBBC000F699B1 /* SceneDelegate.swift */ = {isa = PBXFileReference; lastKnownFileType = sourcecode.swift; path = SceneDelegate.swift; sourceTree = "<group>"; };
		655AE0C3287EBBC000F699B1 /* ViewController.swift */ = {isa = PBXFileReference; lastKnownFileType = sourcecode.swift; path = ViewController.swift; sourceTree = "<group>"; };
		655AE0C8287EBBC200F699B1 /* Assets.xcassets */ = {isa = PBXFileReference; lastKnownFileType = folder.assetcatalog; path = Assets.xcassets; sourceTree = "<group>"; };
		655AE0CB287EBBC200F699B1 /* Base */ = {isa = PBXFileReference; lastKnownFileType = file.storyboard; name = Base; path = Base.lproj/LaunchScreen.storyboard; sourceTree = "<group>"; };
		655AE0CD287EBBC200F699B1 /* Info.plist */ = {isa = PBXFileReference; lastKnownFileType = text.plist.xml; path = Info.plist; sourceTree = "<group>"; };
		655AE0F1287ED50E00F699B1 /* Service.swift */ = {isa = PBXFileReference; lastKnownFileType = sourcecode.swift; path = Service.swift; sourceTree = "<group>"; };
		6574092D287EE94C007A889F /* NetworkService.swift */ = {isa = PBXFileReference; lastKnownFileType = sourcecode.swift; path = NetworkService.swift; sourceTree = "<group>"; };
		6574092F287EEABE007A889F /* TableViewCell.swift */ = {isa = PBXFileReference; lastKnownFileType = sourcecode.swift; path = TableViewCell.swift; sourceTree = "<group>"; };
		65740931287F242B007A889F /* VKLabel.swift */ = {isa = PBXFileReference; lastKnownFileType = sourcecode.swift; path = VKLabel.swift; sourceTree = "<group>"; };
		65740933287F24DC007A889F /* VKImageView.swift */ = {isa = PBXFileReference; lastKnownFileType = sourcecode.swift; path = VKImageView.swift; sourceTree = "<group>"; };
		65E3667828804E38002EB8D0 /* Extensions.swift */ = {isa = PBXFileReference; lastKnownFileType = sourcecode.swift; path = Extensions.swift; sourceTree = "<group>"; };
		65E3667B288052D0002EB8D0 /* Constants.swift */ = {isa = PBXFileReference; lastKnownFileType = sourcecode.swift; path = Constants.swift; sourceTree = "<group>"; };
/* End PBXFileReference section */

/* Begin PBXFrameworksBuildPhase section */
		655AE0B9287EBBC000F699B1 /* Frameworks */ = {
			isa = PBXFrameworksBuildPhase;
			buildActionMask = 2147483647;
			files = (
			);
			runOnlyForDeploymentPostprocessing = 0;
		};
/* End PBXFrameworksBuildPhase section */

/* Begin PBXGroup section */
		655AE0B3287EBBC000F699B1 = {
			isa = PBXGroup;
			children = (
				655AE0BE287EBBC000F699B1 /* VkBootcamp */,
				655AE0BD287EBBC000F699B1 /* Products */,
			);
			sourceTree = "<group>";
		};
		655AE0BD287EBBC000F699B1 /* Products */ = {
			isa = PBXGroup;
			children = (
				655AE0BC287EBBC000F699B1 /* VkBootcamp.app */,
			);
			name = Products;
			sourceTree = "<group>";
		};
		655AE0BE287EBBC000F699B1 /* VkBootcamp */ = {
			isa = PBXGroup;
			children = (
				65E3666F28802EB6002EB8D0 /* Support */,
				65E3667A28804E89002EB8D0 /* Helpers */,
				65E3667428803032002EB8D0 /* Model */,
				65E3667228802F33002EB8D0 /* Views */,
				65E3667028802EF7002EB8D0 /* Controllers */,
				655AE0CD287EBBC200F699B1 /* Info.plist */,
			);
			path = VkBootcamp;
			sourceTree = "<group>";
		};
		65E3666F28802EB6002EB8D0 /* Support */ = {
			isa = PBXGroup;
			children = (
				655AE0CA287EBBC200F699B1 /* LaunchScreen.storyboard */,
				655AE0C8287EBBC200F699B1 /* Assets.xcassets */,
				655AE0C1287EBBC000F699B1 /* SceneDelegate.swift */,
				655AE0BF287EBBC000F699B1 /* AppDelegate.swift */,
			);
			path = Support;
			sourceTree = "<group>";
		};
		65E3667028802EF7002EB8D0 /* Controllers */ = {
			isa = PBXGroup;
			children = (
				655AE0C3287EBBC000F699B1 /* ViewController.swift */,
			);
			path = Controllers;
			sourceTree = "<group>";
		};
		65E3667228802F33002EB8D0 /* Views */ = {
			isa = PBXGroup;
			children = (
				65740931287F242B007A889F /* VKLabel.swift */,
				65740933287F24DC007A889F /* VKImageView.swift */,
				6574092F287EEABE007A889F /* TableViewCell.swift */,
			);
			path = Views;
			sourceTree = "<group>";
		};
		65E3667428803032002EB8D0 /* Model */ = {
			isa = PBXGroup;
			children = (
				655AE0F1287ED50E00F699B1 /* Service.swift */,
			);
			path = Model;
			sourceTree = "<group>";
		};
		65E3667A28804E89002EB8D0 /* Helpers */ = {
			isa = PBXGroup;
			children = (
				6574092D287EE94C007A889F /* NetworkService.swift */,
				65E3667828804E38002EB8D0 /* Extensions.swift */,
				65E3667B288052D0002EB8D0 /* Constants.swift */,
			);
			path = Helpers;
			sourceTree = "<group>";
		};
/* End PBXGroup section */

/* Begin PBXNativeTarget section */
		655AE0BB287EBBC000F699B1 /* VkBootcamp */ = {
			isa = PBXNativeTarget;
			buildConfigurationList = 655AE0E6287EBBC200F699B1 /* Build configuration list for PBXNativeTarget "VkBootcamp" */;
			buildPhases = (
				655AE0B8287EBBC000F699B1 /* Sources */,
				655AE0B9287EBBC000F699B1 /* Frameworks */,
				655AE0BA287EBBC000F699B1 /* Resources */,
			);
			buildRules = (
			);
			dependencies = (
			);
			name = VkBootcamp;
			productName = VkBootcamp;
			productReference = 655AE0BC287EBBC000F699B1 /* VkBootcamp.app */;
			productType = "com.apple.product-type.application";
		};
/* End PBXNativeTarget section */

/* Begin PBXProject section */
		655AE0B4287EBBC000F699B1 /* Project object */ = {
			isa = PBXProject;
			attributes = {
				BuildIndependentTargetsInParallel = 1;
				LastSwiftUpdateCheck = 1340;
				LastUpgradeCheck = 1340;
				TargetAttributes = {
					655AE0BB287EBBC000F699B1 = {
						CreatedOnToolsVersion = 13.4.1;
					};
				};
			};
			buildConfigurationList = 655AE0B7287EBBC000F699B1 /* Build configuration list for PBXProject "VkBootcamp" */;
			compatibilityVersion = "Xcode 13.0";
			developmentRegion = en;
			hasScannedForEncodings = 0;
			knownRegions = (
				en,
				Base,
			);
			mainGroup = 655AE0B3287EBBC000F699B1;
			productRefGroup = 655AE0BD287EBBC000F699B1 /* Products */;
			projectDirPath = "";
			projectRoot = "";
			targets = (
				655AE0BB287EBBC000F699B1 /* VkBootcamp */,
			);
		};
/* End PBXProject section */

/* Begin PBXResourcesBuildPhase section */
		655AE0BA287EBBC000F699B1 /* Resources */ = {
			isa = PBXResourcesBuildPhase;
			buildActionMask = 2147483647;
			files = (
				655AE0CC287EBBC200F699B1 /* LaunchScreen.storyboard in Resources */,
				655AE0C9287EBBC200F699B1 /* Assets.xcassets in Resources */,
			);
			runOnlyForDeploymentPostprocessing = 0;
		};
/* End PBXResourcesBuildPhase section */

/* Begin PBXSourcesBuildPhase section */
		655AE0B8287EBBC000F699B1 /* Sources */ = {
			isa = PBXSourcesBuildPhase;
			buildActionMask = 2147483647;
			files = (
				6574092E287EE94C007A889F /* NetworkService.swift in Sources */,
				655AE0F2287ED50E00F699B1 /* Service.swift in Sources */,
				655AE0C4287EBBC000F699B1 /* ViewController.swift in Sources */,
				65740934287F24DC007A889F /* VKImageView.swift in Sources */,
				65E3667928804E38002EB8D0 /* Extensions.swift in Sources */,
				65E3667C288052D0002EB8D0 /* Constants.swift in Sources */,
				65740932287F242B007A889F /* VKLabel.swift in Sources */,
				65740930287EEABE007A889F /* TableViewCell.swift in Sources */,
				655AE0C0287EBBC000F699B1 /* AppDelegate.swift in Sources */,
				655AE0C2287EBBC000F699B1 /* SceneDelegate.swift in Sources */,
			);
			runOnlyForDeploymentPostprocessing = 0;
		};
/* End PBXSourcesBuildPhase section */

/* Begin PBXVariantGroup section */
		655AE0CA287EBBC200F699B1 /* LaunchScreen.storyboard */ = {
			isa = PBXVariantGroup;
			children = (
				655AE0CB287EBBC200F699B1 /* Base */,
			);
			name = LaunchScreen.storyboard;
			sourceTree = "<group>";
		};
/* End PBXVariantGroup section */

/* Begin XCBuildConfiguration section */
		655AE0E4287EBBC200F699B1 /* Debug */ = {
			isa = XCBuildConfiguration;
			buildSettings = {
				ALWAYS_SEARCH_USER_PATHS = NO;
				CLANG_ANALYZER_NONNULL = YES;
				CLANG_ANALYZER_NUMBER_OBJECT_CONVERSION = YES_AGGRESSIVE;
				CLANG_CXX_LANGUAGE_STANDARD = "gnu++17";
				CLANG_ENABLE_MODULES = YES;
				CLANG_ENABLE_OBJC_ARC = YES;
				CLANG_ENABLE_OBJC_WEAK = YES;
				CLANG_WARN_BLOCK_CAPTURE_AUTORELEASING = YES;
				CLANG_WARN_BOOL_CONVERSION = YES;
				CLANG_WARN_COMMA = YES;
				CLANG_WARN_CONSTANT_CONVERSION = YES;
				CLANG_WARN_DEPRECATED_OBJC_IMPLEMENTATIONS = YES;
				CLANG_WARN_DIRECT_OBJC_ISA_USAGE = YES_ERROR;
				CLANG_WARN_DOCUMENTATION_COMMENTS = YES;
				CLANG_WARN_EMPTY_BODY = YES;
				CLANG_WARN_ENUM_CONVERSION = YES;
				CLANG_WARN_INFINITE_RECURSION = YES;
				CLANG_WARN_INT_CONVERSION = YES;
				CLANG_WARN_NON_LITERAL_NULL_CONVERSION = YES;
				CLANG_WARN_OBJC_IMPLICIT_RETAIN_SELF = YES;
				CLANG_WARN_OBJC_LITERAL_CONVERSION = YES;
				CLANG_WARN_OBJC_ROOT_CLASS = YES_ERROR;
				CLANG_WARN_QUOTED_INCLUDE_IN_FRAMEWORK_HEADER = YES;
				CLANG_WARN_RANGE_LOOP_ANALYSIS = YES;
				CLANG_WARN_STRICT_PROTOTYPES = YES;
				CLANG_WARN_SUSPICIOUS_MOVE = YES;
				CLANG_WARN_UNGUARDED_AVAILABILITY = YES_AGGRESSIVE;
				CLANG_WARN_UNREACHABLE_CODE = YES;
				CLANG_WARN__DUPLICATE_METHOD_MATCH = YES;
				COPY_PHASE_STRIP = NO;
				DEBUG_INFORMATION_FORMAT = dwarf;
				ENABLE_STRICT_OBJC_MSGSEND = YES;
				ENABLE_TESTABILITY = YES;
				GCC_C_LANGUAGE_STANDARD = gnu11;
				GCC_DYNAMIC_NO_PIC = NO;
				GCC_NO_COMMON_BLOCKS = YES;
				GCC_OPTIMIZATION_LEVEL = 0;
				GCC_PREPROCESSOR_DEFINITIONS = (
					"DEBUG=1",
					"$(inherited)",
				);
				GCC_WARN_64_TO_32_BIT_CONVERSION = YES;
				GCC_WARN_ABOUT_RETURN_TYPE = YES_ERROR;
				GCC_WARN_UNDECLARED_SELECTOR = YES;
				GCC_WARN_UNINITIALIZED_AUTOS = YES_AGGRESSIVE;
				GCC_WARN_UNUSED_FUNCTION = YES;
				GCC_WARN_UNUSED_VARIABLE = YES;
				IPHONEOS_DEPLOYMENT_TARGET = 15.5;
				MTL_ENABLE_DEBUG_INFO = INCLUDE_SOURCE;
				MTL_FAST_MATH = YES;
				ONLY_ACTIVE_ARCH = YES;
				SDKROOT = iphoneos;
				SWIFT_ACTIVE_COMPILATION_CONDITIONS = DEBUG;
				SWIFT_OPTIMIZATION_LEVEL = "-Onone";
			};
			name = Debug;
		};
		655AE0E5287EBBC200F699B1 /* Release */ = {
			isa = XCBuildConfiguration;
			buildSettings = {
				ALWAYS_SEARCH_USER_PATHS = NO;
				CLANG_ANALYZER_NONNULL = YES;
				CLANG_ANALYZER_NUMBER_OBJECT_CONVERSION = YES_AGGRESSIVE;
				CLANG_CXX_LANGUAGE_STANDARD = "gnu++17";
				CLANG_ENABLE_MODULES = YES;
				CLANG_ENABLE_OBJC_ARC = YES;
				CLANG_ENABLE_OBJC_WEAK = YES;
				CLANG_WARN_BLOCK_CAPTURE_AUTORELEASING = YES;
				CLANG_WARN_BOOL_CONVERSION = YES;
				CLANG_WARN_COMMA = YES;
				CLANG_WARN_CONSTANT_CONVERSION = YES;
				CLANG_WARN_DEPRECATED_OBJC_IMPLEMENTATIONS = YES;
				CLANG_WARN_DIRECT_OBJC_ISA_USAGE = YES_ERROR;
				CLANG_WARN_DOCUMENTATION_COMMENTS = YES;
				CLANG_WARN_EMPTY_BODY = YES;
				CLANG_WARN_ENUM_CONVERSION = YES;
				CLANG_WARN_INFINITE_RECURSION = YES;
				CLANG_WARN_INT_CONVERSION = YES;
				CLANG_WARN_NON_LITERAL_NULL_CONVERSION = YES;
				CLANG_WARN_OBJC_IMPLICIT_RETAIN_SELF = YES;
				CLANG_WARN_OBJC_LITERAL_CONVERSION = YES;
				CLANG_WARN_OBJC_ROOT_CLASS = YES_ERROR;
				CLANG_WARN_QUOTED_INCLUDE_IN_FRAMEWORK_HEADER = YES;
				CLANG_WARN_RANGE_LOOP_ANALYSIS = YES;
				CLANG_WARN_STRICT_PROTOTYPES = YES;
				CLANG_WARN_SUSPICIOUS_MOVE = YES;
				CLANG_WARN_UNGUARDED_AVAILABILITY = YES_AGGRESSIVE;
				CLANG_WARN_UNREACHABLE_CODE = YES;
				CLANG_WARN__DUPLICATE_METHOD_MATCH = YES;
				COPY_PHASE_STRIP = NO;
				DEBUG_INFORMATION_FORMAT = "dwarf-with-dsym";
				ENABLE_NS_ASSERTIONS = NO;
				ENABLE_STRICT_OBJC_MSGSEND = YES;
				GCC_C_LANGUAGE_STANDARD = gnu11;
				GCC_NO_COMMON_BLOCKS = YES;
				GCC_WARN_64_TO_32_BIT_CONVERSION = YES;
				GCC_WARN_ABOUT_RETURN_TYPE = YES_ERROR;
				GCC_WARN_UNDECLARED_SELECTOR = YES;
				GCC_WARN_UNINITIALIZED_AUTOS = YES_AGGRESSIVE;
				GCC_WARN_UNUSED_FUNCTION = YES;
				GCC_WARN_UNUSED_VARIABLE = YES;
				IPHONEOS_DEPLOYMENT_TARGET = 15.5;
				MTL_ENABLE_DEBUG_INFO = NO;
				MTL_FAST_MATH = YES;
				SDKROOT = iphoneos;
				SWIFT_COMPILATION_MODE = wholemodule;
				SWIFT_OPTIMIZATION_LEVEL = "-O";
				VALIDATE_PRODUCT = YES;
			};
			name = Release;
		};
		655AE0E7287EBBC200F699B1 /* Debug */ = {
			isa = XCBuildConfiguration;
			buildSettings = {
				ASSETCATALOG_COMPILER_APPICON_NAME = AppIcon;
				ASSETCATALOG_COMPILER_GLOBAL_ACCENT_COLOR_NAME = AccentColor;
				CODE_SIGN_STYLE = Automatic;
				CURRENT_PROJECT_VERSION = 1;
				DEVELOPMENT_TEAM = 33389KCH5W;
				GENERATE_INFOPLIST_FILE = YES;
				INFOPLIST_FILE = VkBootcamp/Info.plist;
				INFOPLIST_KEY_UIApplicationSupportsIndirectInputEvents = YES;
				INFOPLIST_KEY_UILaunchStoryboardName = LaunchScreen;
				INFOPLIST_KEY_UISupportedInterfaceOrientations = UIInterfaceOrientationPortrait;
				INFOPLIST_KEY_UISupportedInterfaceOrientations_iPad = "UIInterfaceOrientationPortrait UIInterfaceOrientationPortraitUpsideDown UIInterfaceOrientationLandscapeLeft UIInterfaceOrientationLandscapeRight";
				INFOPLIST_KEY_UISupportedInterfaceOrientations_iPhone = "UIInterfaceOrientationPortrait UIInterfaceOrientationLandscapeLeft UIInterfaceOrientationLandscapeRight";
				LD_RUNPATH_SEARCH_PATHS = (
					"$(inherited)",
					"@executable_path/Frameworks",
				);
				MARKETING_VERSION = 1.0;
				PRODUCT_BUNDLE_IDENTIFIER = neskdan812Test.VkBootcamp;
				PRODUCT_NAME = "$(TARGET_NAME)";
				SWIFT_EMIT_LOC_STRINGS = YES;
				SWIFT_VERSION = 5.0;
				TARGETED_DEVICE_FAMILY = "1,2";
			};
			name = Debug;
		};
		655AE0E8287EBBC200F699B1 /* Release */ = {
			isa = XCBuildConfiguration;
			buildSettings = {
				ASSETCATALOG_COMPILER_APPICON_NAME = AppIcon;
				ASSETCATALOG_COMPILER_GLOBAL_ACCENT_COLOR_NAME = AccentColor;
				CODE_SIGN_STYLE = Automatic;
				CURRENT_PROJECT_VERSION = 1;
				DEVELOPMENT_TEAM = 33389KCH5W;
				GENERATE_INFOPLIST_FILE = YES;
				INFOPLIST_FILE = VkBootcamp/Info.plist;
				INFOPLIST_KEY_UIApplicationSupportsIndirectInputEvents = YES;
				INFOPLIST_KEY_UILaunchStoryboardName = LaunchScreen;
				INFOPLIST_KEY_UISupportedInterfaceOrientations = UIInterfaceOrientationPortrait;
				INFOPLIST_KEY_UISupportedInterfaceOrientations_iPad = "UIInterfaceOrientationPortrait UIInterfaceOrientationPortraitUpsideDown UIInterfaceOrientationLandscapeLeft UIInterfaceOrientationLandscapeRight";
				INFOPLIST_KEY_UISupportedInterfaceOrientations_iPhone = "UIInterfaceOrientationPortrait UIInterfaceOrientationLandscapeLeft UIInterfaceOrientationLandscapeRight";
				LD_RUNPATH_SEARCH_PATHS = (
					"$(inherited)",
					"@executable_path/Frameworks",
				);
				MARKETING_VERSION = 1.0;
				PRODUCT_BUNDLE_IDENTIFIER = neskdan812Test.VkBootcamp;
				PRODUCT_NAME = "$(TARGET_NAME)";
				SWIFT_EMIT_LOC_STRINGS = YES;
				SWIFT_VERSION = 5.0;
				TARGETED_DEVICE_FAMILY = "1,2";
			};
			name = Release;
		};
/* End XCBuildConfiguration section */

/* Begin XCConfigurationList section */
		655AE0B7287EBBC000F699B1 /* Build configuration list for PBXProject "VkBootcamp" */ = {
			isa = XCConfigurationList;
			buildConfigurations = (
				655AE0E4287EBBC200F699B1 /* Debug */,
				655AE0E5287EBBC200F699B1 /* Release */,
			);
			defaultConfigurationIsVisible = 0;
			defaultConfigurationName = Release;
		};
		655AE0E6287EBBC200F699B1 /* Build configuration list for PBXNativeTarget "VkBootcamp" */ = {
			isa = XCConfigurationList;
			buildConfigurations = (
				655AE0E7287EBBC200F699B1 /* Debug */,
				655AE0E8287EBBC200F699B1 /* Release */,
			);
			defaultConfigurationIsVisible = 0;
			defaultConfigurationName = Release;
		};
/* End XCConfigurationList section */
	};
	rootObject = 655AE0B4287EBBC000F699B1 /* Project object */;
}
